
Microsoft Visual Studio Solution File, Format Version 10.00
# Visual Studio 2008
Project("{8BC9CEB8-8B4A-11D0-8D11-00A0C91BC942}") = "TD0010", "TD0010\TD0010.vcproj", "{62E2A392-A163-4D04-B513-61A35AF1EE37}"
EndProject
Global
	GlobalSection(SolutionConfigurationPlatforms) = preSolution
		Debug|Win32 = Debug|Win32
		Release|Win32 = Release|Win32
	EndGlobalSection
	GlobalSection(ProjectConfigurationPlatforms) = postSolution
		{62E2A392-A163-4D04-B513-61A35AF1EE37}.Debug|Win32.ActiveCfg = Debug|Win32
		{62E2A392-A163-4D04-B513-61A35AF1EE37}.Debug|Win32.Build.0 = Debug|Win32
		{62E2A392-A163-4D04-B513-61A35AF1EE37}.Release|Win32.ActiveCfg = Release|Win32
		{62E2A392-A163-4D04-B513-61A35AF1EE37}.Release|Win32.Build.0 = Release|Win32
	EndGlobalSection
	GlobalSection(SolutionProperties) = preSolution
		HideSolutionNode = FALSE
	EndGlobalSection
EndGlobal
